
Microsoft Visual Studio Solution File, Format Version 12.00
# Visual Studio Version 17
VisualStudioVersion = 17.3.32922.545
MinimumVisualStudioVersion = 10.0.40219.1
Project("{FAE04EC0-301F-11D3-BF4B-00C04F79EFBC}") = "HM_MOD6", "HM_MOD6\HM_MOD6.csproj", "{8B8BC1D5-65E1-419A-AD72-A1710D0CF548}"
EndProject
Global
	GlobalSection(SolutionConfigurationPlatforms) = preSolution
		Debug|Any CPU = Debug|Any CPU
		Release|Any CPU = Release|Any CPU
	EndGlobalSection
	GlobalSection(ProjectConfigurationPlatforms) = postSolution
		{8B8BC1D5-65E1-419A-AD72-A1710D0CF548}.Debug|Any CPU.ActiveCfg = Debug|Any CPU
		{8B8BC1D5-65E1-419A-AD72-A1710D0CF548}.Debug|Any CPU.Build.0 = Debug|Any CPU
		{8B8BC1D5-65E1-419A-AD72-A1710D0CF548}.Release|Any CPU.ActiveCfg = Release|Any CPU
		{8B8BC1D5-65E1-419A-AD72-A1710D0CF548}.Release|Any CPU.Build.0 = Release|Any CPU
	EndGlobalSection
	GlobalSection(SolutionProperties) = preSolution
		HideSolutionNode = FALSE
	EndGlobalSection
	GlobalSection(ExtensibilityGlobals) = postSolution
		SolutionGuid = {AC4F2B4A-3308-45FE-A9EA-F38299974741}
	EndGlobalSection
EndGlobal
